
Microsoft Visual Studio Solution File, Format Version 12.00
# Visual Studio 15
VisualStudioVersion = 15.0.27703.2035
MinimumVisualStudioVersion = 10.0.40219.1
Project("{FAE04EC0-301F-11D3-BF4B-00C04F79EFBC}") = "TradeUnion", "TradeUnion\TradeUnion.csproj", "{A40D8B07-4843-4217-9AF9-CF52E1FCE847}"
EndProject
Global
	GlobalSection(SolutionConfigurationPlatforms) = preSolution
		Debug|Any CPU = Debug|Any CPU
		Release|Any CPU = Release|Any CPU
	EndGlobalSection
	GlobalSection(ProjectConfigurationPlatforms) = postSolution
		{A40D8B07-4843-4217-9AF9-CF52E1FCE847}.Debug|Any CPU.ActiveCfg = Debug|Any CPU
		{A40D8B07-4843-4217-9AF9-CF52E1FCE847}.Debug|Any CPU.Build.0 = Debug|Any CPU
		{A40D8B07-4843-4217-9AF9-CF52E1FCE847}.Release|Any CPU.ActiveCfg = Release|Any CPU
		{A40D8B07-4843-4217-9AF9-CF52E1FCE847}.Release|Any CPU.Build.0 = Release|Any CPU
	EndGlobalSection
	GlobalSection(SolutionProperties) = preSolution
		HideSolutionNode = FALSE
	EndGlobalSection
	GlobalSection(ExtensibilityGlobals) = postSolution
		SolutionGuid = {DD6BAC9C-78B4-405D-BACD-91E8D8292CE5}
	EndGlobalSection
EndGlobal
